{
  "pins" : [
    {
      "identity" : "pokemon",
      "kind" : "remoteSourceControl",
      "location" : "https://github.com/PrinceGosplana/Pokemon",
      "state" : {
        "branch" : "main",
        "revision" : "0bd1390c55c9a9128cfefc9125ad69448cc91d16"
      }
    },
    {
      "identity" : "starscream",
      "kind" : "remoteSourceControl",
      "location" : "https://github.com/daltoniam/Starscream.git",
      "state" : {
        "revision" : "ac6c0fc9da221873e01bd1a0d4818498a71eef33",
        "version" : "4.0.6"
      }
    }
  ],
  "version" : 2
}
